// !$*UTF8*$!
{
	archiveVersion = 1;
	classes = {
	};
	objectVersion = 55;
	objects = {

/* Begin PBXBuildFile section */
		EFEFC1F727C9B5E900E8C23E /* github_client_appApp.swift in Sources */ = {isa = PBXBuildFile; fileRef = EFEFC1F627C9B5E900E8C23E /* github_client_appApp.swift */; };
		EFEFC1FB27C9B5EA00E8C23E /* Assets.xcassets in Resources */ = {isa = PBXBuildFile; fileRef = EFEFC1FA27C9B5EA00E8C23E /* Assets.xcassets */; };
		EFEFC1FE27C9B5EA00E8C23E /* Preview Assets.xcassets in Resources */ = {isa = PBXBuildFile; fileRef = EFEFC1FD27C9B5EA00E8C23E /* Preview Assets.xcassets */; };
		EFEFC20E27C9B8EA00E8C23E /* UserList.swift in Sources */ = {isa = PBXBuildFile; fileRef = EFEFC20D27C9B8EA00E8C23E /* UserList.swift */; };
		EFEFC21027C9B8F300E8C23E /* UserDetail.swift in Sources */ = {isa = PBXBuildFile; fileRef = EFEFC20F27C9B8F300E8C23E /* UserDetail.swift */; };
		EFEFC21427C9B92400E8C23E /* APIRequestType.swift in Sources */ = {isa = PBXBuildFile; fileRef = EFEFC21327C9B92400E8C23E /* APIRequestType.swift */; };
		EFEFC21627C9B93400E8C23E /* APIRepositoryType.swift in Sources */ = {isa = PBXBuildFile; fileRef = EFEFC21527C9B93400E8C23E /* APIRepositoryType.swift */; };
		EFEFC21827C9B94200E8C23E /* APIError.swift in Sources */ = {isa = PBXBuildFile; fileRef = EFEFC21727C9B94200E8C23E /* APIError.swift */; };
		EFEFC21A27C9B95300E8C23E /* Constant.swift in Sources */ = {isa = PBXBuildFile; fileRef = EFEFC21927C9B95300E8C23E /* Constant.swift */; };
		EFEFC21C27C9BCE600E8C23E /* SearchUserRequest.swift in Sources */ = {isa = PBXBuildFile; fileRef = EFEFC21B27C9BCE600E8C23E /* SearchUserRequest.swift */; };
		EFEFC21E27C9BCF200E8C23E /* FetchUserRequest.swift in Sources */ = {isa = PBXBuildFile; fileRef = EFEFC21D27C9BCF200E8C23E /* FetchUserRequest.swift */; };
		EFEFC22027C9BCFD00E8C23E /* FetchRepositoryRequest.swift in Sources */ = {isa = PBXBuildFile; fileRef = EFEFC21F27C9BCFC00E8C23E /* FetchRepositoryRequest.swift */; };
		EFEFC22227C9BD2A00E8C23E /* Model.swift in Sources */ = {isa = PBXBuildFile; fileRef = EFEFC22127C9BD2A00E8C23E /* Model.swift */; };
		EFEFC22427C9BEFC00E8C23E /* GithubAPIRepository.swift in Sources */ = {isa = PBXBuildFile; fileRef = EFEFC22327C9BEFC00E8C23E /* GithubAPIRepository.swift */; };
		EFEFC22927CA03E300E8C23E /* fetch_repository_sample.json in Resources */ = {isa = PBXBuildFile; fileRef = EFEFC22627CA03E300E8C23E /* fetch_repository_sample.json */; };
		EFEFC22A27CA03E300E8C23E /* search_user_sample.json in Resources */ = {isa = PBXBuildFile; fileRef = EFEFC22727CA03E300E8C23E /* search_user_sample.json */; };
		EFEFC22B27CA03E300E8C23E /* fetch_user_sample.json in Resources */ = {isa = PBXBuildFile; fileRef = EFEFC22827CA03E300E8C23E /* fetch_user_sample.json */; };
		EFEFC22D27CA042D00E8C23E /* Bundle+decode.swift in Sources */ = {isa = PBXBuildFile; fileRef = EFEFC22C27CA042D00E8C23E /* Bundle+decode.swift */; };
		EFEFC22F27CA049C00E8C23E /* UserListViewModel.swift in Sources */ = {isa = PBXBuildFile; fileRef = EFEFC22E27CA049C00E8C23E /* UserListViewModel.swift */; };
		EFEFC23227CA09B400E8C23E /* SDWebImageSwiftUI in Frameworks */ = {isa = PBXBuildFile; productRef = EFEFC23127CA09B400E8C23E /* SDWebImageSwiftUI */; };
		EFEFC23627CA0BE200E8C23E /* SearchBar.swift in Sources */ = {isa = PBXBuildFile; fileRef = EFEFC23527CA0BE200E8C23E /* SearchBar.swift */; };
		EFEFC23827CA0CB500E8C23E /* UserListView.swift in Sources */ = {isa = PBXBuildFile; fileRef = EFEFC23727CA0CB500E8C23E /* UserListView.swift */; };
		EFEFC23A27CA0FA800E8C23E /* UserDetailViewModel.swift in Sources */ = {isa = PBXBuildFile; fileRef = EFEFC23927CA0FA800E8C23E /* UserDetailViewModel.swift */; };
		EFEFC23D27CB16B400E8C23E /* SafariView.swift in Sources */ = {isa = PBXBuildFile; fileRef = EFEFC23C27CB16B400E8C23E /* SafariView.swift */; };
		EFEFC23F27CB1C8500E8C23E /* RepositoryListItem.swift in Sources */ = {isa = PBXBuildFile; fileRef = EFEFC23E27CB1C8500E8C23E /* RepositoryListItem.swift */; };
		EFEFC24127CB203800E8C23E /* UserDetailView.swift in Sources */ = {isa = PBXBuildFile; fileRef = EFEFC24027CB203800E8C23E /* UserDetailView.swift */; };
		EFEFC24427CB285C00E8C23E /* UserInfoShape.swift in Sources */ = {isa = PBXBuildFile; fileRef = EFEFC24327CB285C00E8C23E /* UserInfoShape.swift */; };
		EFEFC24627CB2AF800E8C23E /* UserGridView.swift in Sources */ = {isa = PBXBuildFile; fileRef = EFEFC24527CB2AF800E8C23E /* UserGridView.swift */; };
		EFEFC24827CB306B00E8C23E /* GoogleService-Info.plist in Resources */ = {isa = PBXBuildFile; fileRef = EFEFC24727CB306B00E8C23E /* GoogleService-Info.plist */; };
		EFEFC24B27CB30F600E8C23E /* FirebaseRemoteConfig in Frameworks */ = {isa = PBXBuildFile; productRef = EFEFC24A27CB30F600E8C23E /* FirebaseRemoteConfig */; };
		EFEFC24E27CB320C00E8C23E /* FirebaseAnalytics in Frameworks */ = {isa = PBXBuildFile; productRef = EFEFC24D27CB320C00E8C23E /* FirebaseAnalytics */; };
		EFEFC25027CB339300E8C23E /* FirebaseAnalyticsSwift-Beta in Frameworks */ = {isa = PBXBuildFile; productRef = EFEFC24F27CB339300E8C23E /* FirebaseAnalyticsSwift-Beta */; };
		EFEFC25227CB339300E8C23E /* FirebaseRemoteConfigSwift-Beta in Frameworks */ = {isa = PBXBuildFile; productRef = EFEFC25127CB339300E8C23E /* FirebaseRemoteConfigSwift-Beta */; };
/* End PBXBuildFile section */

/* Begin PBXFileReference section */
		EFEFC1F327C9B5E900E8C23E /* github-client-app.app */ = {isa = PBXFileReference; explicitFileType = wrapper.application; includeInIndex = 0; path = "github-client-app.app"; sourceTree = BUILT_PRODUCTS_DIR; };
		EFEFC1F627C9B5E900E8C23E /* github_client_appApp.swift */ = {isa = PBXFileReference; lastKnownFileType = sourcecode.swift; path = github_client_appApp.swift; sourceTree = "<group>"; };
		EFEFC1FA27C9B5EA00E8C23E /* Assets.xcassets */ = {isa = PBXFileReference; lastKnownFileType = folder.assetcatalog; path = Assets.xcassets; sourceTree = "<group>"; };
		EFEFC1FD27C9B5EA00E8C23E /* Preview Assets.xcassets */ = {isa = PBXFileReference; lastKnownFileType = folder.assetcatalog; path = "Preview Assets.xcassets"; sourceTree = "<group>"; };
		EFEFC20427C9B6E500E8C23E /* README.md */ = {isa = PBXFileReference; lastKnownFileType = net.daringfireball.markdown; path = README.md; sourceTree = "<group>"; };
		EFEFC20D27C9B8EA00E8C23E /* UserList.swift */ = {isa = PBXFileReference; lastKnownFileType = sourcecode.swift; path = UserList.swift; sourceTree = "<group>"; };
		EFEFC20F27C9B8F300E8C23E /* UserDetail.swift */ = {isa = PBXFileReference; lastKnownFileType = sourcecode.swift; path = UserDetail.swift; sourceTree = "<group>"; };
		EFEFC21327C9B92400E8C23E /* APIRequestType.swift */ = {isa = PBXFileReference; lastKnownFileType = sourcecode.swift; path = APIRequestType.swift; sourceTree = "<group>"; };
		EFEFC21527C9B93400E8C23E /* APIRepositoryType.swift */ = {isa = PBXFileReference; lastKnownFileType = sourcecode.swift; path = APIRepositoryType.swift; sourceTree = "<group>"; };
		EFEFC21727C9B94200E8C23E /* APIError.swift */ = {isa = PBXFileReference; lastKnownFileType = sourcecode.swift; path = APIError.swift; sourceTree = "<group>"; };
		EFEFC21927C9B95300E8C23E /* Constant.swift */ = {isa = PBXFileReference; lastKnownFileType = sourcecode.swift; path = Constant.swift; sourceTree = "<group>"; };
		EFEFC21B27C9BCE600E8C23E /* SearchUserRequest.swift */ = {isa = PBXFileReference; lastKnownFileType = sourcecode.swift; path = SearchUserRequest.swift; sourceTree = "<group>"; };
		EFEFC21D27C9BCF200E8C23E /* FetchUserRequest.swift */ = {isa = PBXFileReference; lastKnownFileType = sourcecode.swift; path = FetchUserRequest.swift; sourceTree = "<group>"; };
		EFEFC21F27C9BCFC00E8C23E /* FetchRepositoryRequest.swift */ = {isa = PBXFileReference; lastKnownFileType = sourcecode.swift; path = FetchRepositoryRequest.swift; sourceTree = "<group>"; };
		EFEFC22127C9BD2A00E8C23E /* Model.swift */ = {isa = PBXFileReference; lastKnownFileType = sourcecode.swift; path = Model.swift; sourceTree = "<group>"; };
		EFEFC22327C9BEFC00E8C23E /* GithubAPIRepository.swift */ = {isa = PBXFileReference; lastKnownFileType = sourcecode.swift; path = GithubAPIRepository.swift; sourceTree = "<group>"; };
		EFEFC22627CA03E300E8C23E /* fetch_repository_sample.json */ = {isa = PBXFileReference; fileEncoding = 4; lastKnownFileType = text.json; path = fetch_repository_sample.json; sourceTree = "<group>"; };
		EFEFC22727CA03E300E8C23E /* search_user_sample.json */ = {isa = PBXFileReference; fileEncoding = 4; lastKnownFileType = text.json; path = search_user_sample.json; sourceTree = "<group>"; };
		EFEFC22827CA03E300E8C23E /* fetch_user_sample.json */ = {isa = PBXFileReference; fileEncoding = 4; lastKnownFileType = text.json; path = fetch_user_sample.json; sourceTree = "<group>"; };
		EFEFC22C27CA042D00E8C23E /* Bundle+decode.swift */ = {isa = PBXFileReference; lastKnownFileType = sourcecode.swift; path = "Bundle+decode.swift"; sourceTree = "<group>"; };
		EFEFC22E27CA049C00E8C23E /* UserListViewModel.swift */ = {isa = PBXFileReference; lastKnownFileType = sourcecode.swift; path = UserListViewModel.swift; sourceTree = "<group>"; };
		EFEFC23527CA0BE200E8C23E /* SearchBar.swift */ = {isa = PBXFileReference; lastKnownFileType = sourcecode.swift; path = SearchBar.swift; sourceTree = "<group>"; };
		EFEFC23727CA0CB500E8C23E /* UserListView.swift */ = {isa = PBXFileReference; lastKnownFileType = sourcecode.swift; path = UserListView.swift; sourceTree = "<group>"; };
		EFEFC23927CA0FA800E8C23E /* UserDetailViewModel.swift */ = {isa = PBXFileReference; lastKnownFileType = sourcecode.swift; path = UserDetailViewModel.swift; sourceTree = "<group>"; };
		EFEFC23C27CB16B400E8C23E /* SafariView.swift */ = {isa = PBXFileReference; fileEncoding = 4; lastKnownFileType = sourcecode.swift; path = SafariView.swift; sourceTree = "<group>"; };
		EFEFC23E27CB1C8500E8C23E /* RepositoryListItem.swift */ = {isa = PBXFileReference; lastKnownFileType = sourcecode.swift; path = RepositoryListItem.swift; sourceTree = "<group>"; };
		EFEFC24027CB203800E8C23E /* UserDetailView.swift */ = {isa = PBXFileReference; lastKnownFileType = sourcecode.swift; path = UserDetailView.swift; sourceTree = "<group>"; };
		EFEFC24327CB285C00E8C23E /* UserInfoShape.swift */ = {isa = PBXFileReference; lastKnownFileType = sourcecode.swift; path = UserInfoShape.swift; sourceTree = "<group>"; };
		EFEFC24527CB2AF800E8C23E /* UserGridView.swift */ = {isa = PBXFileReference; lastKnownFileType = sourcecode.swift; path = UserGridView.swift; sourceTree = "<group>"; };
		EFEFC24727CB306B00E8C23E /* GoogleService-Info.plist */ = {isa = PBXFileReference; fileEncoding = 4; lastKnownFileType = text.plist.xml; path = "GoogleService-Info.plist"; sourceTree = "<group>"; };
/* End PBXFileReference section */

/* Begin PBXFrameworksBuildPhase section */
		EFEFC1F027C9B5E900E8C23E /* Frameworks */ = {
			isa = PBXFrameworksBuildPhase;
			buildActionMask = 2147483647;
			files = (
				EFEFC23227CA09B400E8C23E /* SDWebImageSwiftUI in Frameworks */,
				EFEFC25227CB339300E8C23E /* FirebaseRemoteConfigSwift-Beta in Frameworks */,
				EFEFC24B27CB30F600E8C23E /* FirebaseRemoteConfig in Frameworks */,
				EFEFC25027CB339300E8C23E /* FirebaseAnalyticsSwift-Beta in Frameworks */,
				EFEFC24E27CB320C00E8C23E /* FirebaseAnalytics in Frameworks */,
			);
			runOnlyForDeploymentPostprocessing = 0;
		};
/* End PBXFrameworksBuildPhase section */

/* Begin PBXGroup section */
		EFEFC1EA27C9B5E900E8C23E = {
			isa = PBXGroup;
			children = (
				EFEFC20427C9B6E500E8C23E /* README.md */,
				EFEFC1F527C9B5E900E8C23E /* github-client-app */,
				EFEFC1F427C9B5E900E8C23E /* Products */,
				EFEFC24C27CB320C00E8C23E /* Frameworks */,
			);
			sourceTree = "<group>";
		};
		EFEFC1F427C9B5E900E8C23E /* Products */ = {
			isa = PBXGroup;
			children = (
				EFEFC1F327C9B5E900E8C23E /* github-client-app.app */,
			);
			name = Products;
			sourceTree = "<group>";
		};
		EFEFC1F527C9B5E900E8C23E /* github-client-app */ = {
			isa = PBXGroup;
			children = (
				EFEFC1F627C9B5E900E8C23E /* github_client_appApp.swift */,
				EFEFC21927C9B95300E8C23E /* Constant.swift */,
				EFEFC20527C9B78A00E8C23E /* Screen */,
				EFEFC20927C9B7B800E8C23E /* Request */,
				EFEFC20A27C9B7C500E8C23E /* Repository */,
				EFEFC20B27C9B7D400E8C23E /* Model */,
				EFEFC22527CA03C400E8C23E /* Ohter Files */,
				EFEFC1FA27C9B5EA00E8C23E /* Assets.xcassets */,
				EFEFC1FC27C9B5EA00E8C23E /* Preview Content */,
			);
			path = "github-client-app";
			sourceTree = "<group>";
		};
		EFEFC1FC27C9B5EA00E8C23E /* Preview Content */ = {
			isa = PBXGroup;
			children = (
				EFEFC1FD27C9B5EA00E8C23E /* Preview Assets.xcassets */,
			);
			path = "Preview Content";
			sourceTree = "<group>";
		};
		EFEFC20527C9B78A00E8C23E /* Screen */ = {
			isa = PBXGroup;
			children = (
				EFEFC20627C9B79200E8C23E /* UserList */,
				EFEFC20727C9B79800E8C23E /* UserDetail */,
				EFEFC24227CB284300E8C23E /* Component */,
			);
			path = Screen;
			sourceTree = "<group>";
		};
		EFEFC20627C9B79200E8C23E /* UserList */ = {
			isa = PBXGroup;
			children = (
				EFEFC20D27C9B8EA00E8C23E /* UserList.swift */,
				EFEFC22E27CA049C00E8C23E /* UserListViewModel.swift */,
				EFEFC23427CA0BCE00E8C23E /* Component */,
			);
			path = UserList;
			sourceTree = "<group>";
		};
		EFEFC20727C9B79800E8C23E /* UserDetail */ = {
			isa = PBXGroup;
			children = (
				EFEFC20F27C9B8F300E8C23E /* UserDetail.swift */,
				EFEFC23927CA0FA800E8C23E /* UserDetailViewModel.swift */,
				EFEFC23B27CB16B400E8C23E /* Component */,
			);
			path = UserDetail;
			sourceTree = "<group>";
		};
		EFEFC20927C9B7B800E8C23E /* Request */ = {
			isa = PBXGroup;
			children = (
				EFEFC21327C9B92400E8C23E /* APIRequestType.swift */,
				EFEFC21B27C9BCE600E8C23E /* SearchUserRequest.swift */,
				EFEFC21D27C9BCF200E8C23E /* FetchUserRequest.swift */,
				EFEFC21F27C9BCFC00E8C23E /* FetchRepositoryRequest.swift */,
			);
			path = Request;
			sourceTree = "<group>";
		};
		EFEFC20A27C9B7C500E8C23E /* Repository */ = {
			isa = PBXGroup;
			children = (
				EFEFC21527C9B93400E8C23E /* APIRepositoryType.swift */,
				EFEFC22327C9BEFC00E8C23E /* GithubAPIRepository.swift */,
			);
			path = Repository;
			sourceTree = "<group>";
		};
		EFEFC20B27C9B7D400E8C23E /* Model */ = {
			isa = PBXGroup;
			children = (
				EFEFC21727C9B94200E8C23E /* APIError.swift */,
				EFEFC22127C9BD2A00E8C23E /* Model.swift */,
			);
			path = Model;
			sourceTree = "<group>";
		};
		EFEFC22527CA03C400E8C23E /* Ohter Files */ = {
			isa = PBXGroup;
			children = (
				EFEFC24727CB306B00E8C23E /* GoogleService-Info.plist */,
				EFEFC22C27CA042D00E8C23E /* Bundle+decode.swift */,
				EFEFC22727CA03E300E8C23E /* search_user_sample.json */,
				EFEFC22827CA03E300E8C23E /* fetch_user_sample.json */,
				EFEFC22627CA03E300E8C23E /* fetch_repository_sample.json */,
			);
			path = "Ohter Files";
			sourceTree = "<group>";
		};
		EFEFC23427CA0BCE00E8C23E /* Component */ = {
			isa = PBXGroup;
			children = (
				EFEFC23527CA0BE200E8C23E /* SearchBar.swift */,
				EFEFC23727CA0CB500E8C23E /* UserListView.swift */,
				EFEFC24527CB2AF800E8C23E /* UserGridView.swift */,
			);
			path = Component;
			sourceTree = "<group>";
		};
		EFEFC23B27CB16B400E8C23E /* Component */ = {
			isa = PBXGroup;
			children = (
				EFEFC23C27CB16B400E8C23E /* SafariView.swift */,
				EFEFC24027CB203800E8C23E /* UserDetailView.swift */,
				EFEFC23E27CB1C8500E8C23E /* RepositoryListItem.swift */,
			);
			path = Component;
			sourceTree = "<group>";
		};
		EFEFC24227CB284300E8C23E /* Component */ = {
			isa = PBXGroup;
			children = (
				EFEFC24327CB285C00E8C23E /* UserInfoShape.swift */,
			);
			path = Component;
			sourceTree = "<group>";
		};
		EFEFC24C27CB320C00E8C23E /* Frameworks */ = {
			isa = PBXGroup;
			children = (
			);
			name = Frameworks;
			sourceTree = "<group>";
		};
/* End PBXGroup section */

/* Begin PBXNativeTarget section */
		EFEFC1F227C9B5E900E8C23E /* github-client-app */ = {
			isa = PBXNativeTarget;
			buildConfigurationList = EFEFC20127C9B5EA00E8C23E /* Build configuration list for PBXNativeTarget "github-client-app" */;
			buildPhases = (
				EFEFC1EF27C9B5E900E8C23E /* Sources */,
				EFEFC1F027C9B5E900E8C23E /* Frameworks */,
				EFEFC1F127C9B5E900E8C23E /* Resources */,
			);
			buildRules = (
			);
			dependencies = (
			);
			name = "github-client-app";
			packageProductDependencies = (
				EFEFC23127CA09B400E8C23E /* SDWebImageSwiftUI */,
				EFEFC24A27CB30F600E8C23E /* FirebaseRemoteConfig */,
				EFEFC24D27CB320C00E8C23E /* FirebaseAnalytics */,
				EFEFC24F27CB339300E8C23E /* FirebaseAnalyticsSwift-Beta */,
				EFEFC25127CB339300E8C23E /* FirebaseRemoteConfigSwift-Beta */,
			);
			productName = "github-client-app";
			productReference = EFEFC1F327C9B5E900E8C23E /* github-client-app.app */;
			productType = "com.apple.product-type.application";
		};
/* End PBXNativeTarget section */

/* Begin PBXProject section */
		EFEFC1EB27C9B5E900E8C23E /* Project object */ = {
			isa = PBXProject;
			attributes = {
				BuildIndependentTargetsInParallel = 1;
				LastSwiftUpdateCheck = 1320;
				LastUpgradeCheck = 1320;
				TargetAttributes = {
					EFEFC1F227C9B5E900E8C23E = {
						CreatedOnToolsVersion = 13.2.1;
					};
				};
			};
			buildConfigurationList = EFEFC1EE27C9B5E900E8C23E /* Build configuration list for PBXProject "github-client-app" */;
			compatibilityVersion = "Xcode 13.0";
			developmentRegion = en;
			hasScannedForEncodings = 0;
			knownRegions = (
				en,
				Base,
			);
			mainGroup = EFEFC1EA27C9B5E900E8C23E;
			packageReferences = (
				EFEFC23027CA09B400E8C23E /* XCRemoteSwiftPackageReference "SDWebImageSwiftUI" */,
				EFEFC24927CB30F600E8C23E /* XCRemoteSwiftPackageReference "firebase-ios-sdk" */,
			);
			productRefGroup = EFEFC1F427C9B5E900E8C23E /* Products */;
			projectDirPath = "";
			projectRoot = "";
			targets = (
				EFEFC1F227C9B5E900E8C23E /* github-client-app */,
			);
		};
/* End PBXProject section */

/* Begin PBXResourcesBuildPhase section */
		EFEFC1F127C9B5E900E8C23E /* Resources */ = {
			isa = PBXResourcesBuildPhase;
			buildActionMask = 2147483647;
			files = (
				EFEFC22A27CA03E300E8C23E /* search_user_sample.json in Resources */,
				EFEFC22B27CA03E300E8C23E /* fetch_user_sample.json in Resources */,
				EFEFC22927CA03E300E8C23E /* fetch_repository_sample.json in Resources */,
				EFEFC1FE27C9B5EA00E8C23E /* Preview Assets.xcassets in Resources */,
				EFEFC1FB27C9B5EA00E8C23E /* Assets.xcassets in Resources */,
				EFEFC24827CB306B00E8C23E /* GoogleService-Info.plist in Resources */,
			);
			runOnlyForDeploymentPostprocessing = 0;
		};
/* End PBXResourcesBuildPhase section */

/* Begin PBXSourcesBuildPhase section */
		EFEFC1EF27C9B5E900E8C23E /* Sources */ = {
			isa = PBXSourcesBuildPhase;
			buildActionMask = 2147483647;
			files = (
				EFEFC23A27CA0FA800E8C23E /* UserDetailViewModel.swift in Sources */,
				EFEFC23F27CB1C8500E8C23E /* RepositoryListItem.swift in Sources */,
				EFEFC23827CA0CB500E8C23E /* UserListView.swift in Sources */,
				EFEFC24427CB285C00E8C23E /* UserInfoShape.swift in Sources */,
				EFEFC22027C9BCFD00E8C23E /* FetchRepositoryRequest.swift in Sources */,
				EFEFC21427C9B92400E8C23E /* APIRequestType.swift in Sources */,
				EFEFC21A27C9B95300E8C23E /* Constant.swift in Sources */,
				EFEFC22227C9BD2A00E8C23E /* Model.swift in Sources */,
				EFEFC22F27CA049C00E8C23E /* UserListViewModel.swift in Sources */,
				EFEFC24127CB203800E8C23E /* UserDetailView.swift in Sources */,
				EFEFC23627CA0BE200E8C23E /* SearchBar.swift in Sources */,
				EFEFC21027C9B8F300E8C23E /* UserDetail.swift in Sources */,
				EFEFC21627C9B93400E8C23E /* APIRepositoryType.swift in Sources */,
				EFEFC23D27CB16B400E8C23E /* SafariView.swift in Sources */,
				EFEFC20E27C9B8EA00E8C23E /* UserList.swift in Sources */,
				EFEFC24627CB2AF800E8C23E /* UserGridView.swift in Sources */,
				EFEFC22427C9BEFC00E8C23E /* GithubAPIRepository.swift in Sources */,
				EFEFC21E27C9BCF200E8C23E /* FetchUserRequest.swift in Sources */,
				EFEFC22D27CA042D00E8C23E /* Bundle+decode.swift in Sources */,
				EFEFC21827C9B94200E8C23E /* APIError.swift in Sources */,
				EFEFC1F727C9B5E900E8C23E /* github_client_appApp.swift in Sources */,
				EFEFC21C27C9BCE600E8C23E /* SearchUserRequest.swift in Sources */,
			);
			runOnlyForDeploymentPostprocessing = 0;
		};
/* End PBXSourcesBuildPhase section */

/* Begin XCBuildConfiguration section */
		EFEFC1FF27C9B5EA00E8C23E /* Debug */ = {
			isa = XCBuildConfiguration;
			buildSettings = {
				ALWAYS_SEARCH_USER_PATHS = NO;
				CLANG_ANALYZER_NONNULL = YES;
				CLANG_ANALYZER_NUMBER_OBJECT_CONVERSION = YES_AGGRESSIVE;
				CLANG_CXX_LANGUAGE_STANDARD = "gnu++17";
				CLANG_CXX_LIBRARY = "libc++";
				CLANG_ENABLE_MODULES = YES;
				CLANG_ENABLE_OBJC_ARC = YES;
				CLANG_ENABLE_OBJC_WEAK = YES;
				CLANG_WARN_BLOCK_CAPTURE_AUTORELEASING = YES;
				CLANG_WARN_BOOL_CONVERSION = YES;
				CLANG_WARN_COMMA = YES;
				CLANG_WARN_CONSTANT_CONVERSION = YES;
				CLANG_WARN_DEPRECATED_OBJC_IMPLEMENTATIONS = YES;
				CLANG_WARN_DIRECT_OBJC_ISA_USAGE = YES_ERROR;
				CLANG_WARN_DOCUMENTATION_COMMENTS = YES;
				CLANG_WARN_EMPTY_BODY = YES;
				CLANG_WARN_ENUM_CONVERSION = YES;
				CLANG_WARN_INFINITE_RECURSION = YES;
				CLANG_WARN_INT_CONVERSION = YES;
				CLANG_WARN_NON_LITERAL_NULL_CONVERSION = YES;
				CLANG_WARN_OBJC_IMPLICIT_RETAIN_SELF = YES;
				CLANG_WARN_OBJC_LITERAL_CONVERSION = YES;
				CLANG_WARN_OBJC_ROOT_CLASS = YES_ERROR;
				CLANG_WARN_QUOTED_INCLUDE_IN_FRAMEWORK_HEADER = YES;
				CLANG_WARN_RANGE_LOOP_ANALYSIS = YES;
				CLANG_WARN_STRICT_PROTOTYPES = YES;
				CLANG_WARN_SUSPICIOUS_MOVE = YES;
				CLANG_WARN_UNGUARDED_AVAILABILITY = YES_AGGRESSIVE;
				CLANG_WARN_UNREACHABLE_CODE = YES;
				CLANG_WARN__DUPLICATE_METHOD_MATCH = YES;
				COPY_PHASE_STRIP = NO;
				DEBUG_INFORMATION_FORMAT = dwarf;
				ENABLE_STRICT_OBJC_MSGSEND = YES;
				ENABLE_TESTABILITY = YES;
				GCC_C_LANGUAGE_STANDARD = gnu11;
				GCC_DYNAMIC_NO_PIC = NO;
				GCC_NO_COMMON_BLOCKS = YES;
				GCC_OPTIMIZATION_LEVEL = 0;
				GCC_PREPROCESSOR_DEFINITIONS = (
					"DEBUG=1",
					"$(inherited)",
				);
				GCC_WARN_64_TO_32_BIT_CONVERSION = YES;
				GCC_WARN_ABOUT_RETURN_TYPE = YES_ERROR;
				GCC_WARN_UNDECLARED_SELECTOR = YES;
				GCC_WARN_UNINITIALIZED_AUTOS = YES_AGGRESSIVE;
				GCC_WARN_UNUSED_FUNCTION = YES;
				GCC_WARN_UNUSED_VARIABLE = YES;
				IPHONEOS_DEPLOYMENT_TARGET = 15.2;
				MTL_ENABLE_DEBUG_INFO = INCLUDE_SOURCE;
				MTL_FAST_MATH = YES;
				ONLY_ACTIVE_ARCH = YES;
				SDKROOT = iphoneos;
				SWIFT_ACTIVE_COMPILATION_CONDITIONS = DEBUG;
				SWIFT_OPTIMIZATION_LEVEL = "-Onone";
			};
			name = Debug;
		};
		EFEFC20027C9B5EA00E8C23E /* Release */ = {
			isa = XCBuildConfiguration;
			buildSettings = {
				ALWAYS_SEARCH_USER_PATHS = NO;
				CLANG_ANALYZER_NONNULL = YES;
				CLANG_ANALYZER_NUMBER_OBJECT_CONVERSION = YES_AGGRESSIVE;
				CLANG_CXX_LANGUAGE_STANDARD = "gnu++17";
				CLANG_CXX_LIBRARY = "libc++";
				CLANG_ENABLE_MODULES = YES;
				CLANG_ENABLE_OBJC_ARC = YES;
				CLANG_ENABLE_OBJC_WEAK = YES;
				CLANG_WARN_BLOCK_CAPTURE_AUTORELEASING = YES;
				CLANG_WARN_BOOL_CONVERSION = YES;
				CLANG_WARN_COMMA = YES;
				CLANG_WARN_CONSTANT_CONVERSION = YES;
				CLANG_WARN_DEPRECATED_OBJC_IMPLEMENTATIONS = YES;
				CLANG_WARN_DIRECT_OBJC_ISA_USAGE = YES_ERROR;
				CLANG_WARN_DOCUMENTATION_COMMENTS = YES;
				CLANG_WARN_EMPTY_BODY = YES;
				CLANG_WARN_ENUM_CONVERSION = YES;
				CLANG_WARN_INFINITE_RECURSION = YES;
				CLANG_WARN_INT_CONVERSION = YES;
				CLANG_WARN_NON_LITERAL_NULL_CONVERSION = YES;
				CLANG_WARN_OBJC_IMPLICIT_RETAIN_SELF = YES;
				CLANG_WARN_OBJC_LITERAL_CONVERSION = YES;
				CLANG_WARN_OBJC_ROOT_CLASS = YES_ERROR;
				CLANG_WARN_QUOTED_INCLUDE_IN_FRAMEWORK_HEADER = YES;
				CLANG_WARN_RANGE_LOOP_ANALYSIS = YES;
				CLANG_WARN_STRICT_PROTOTYPES = YES;
				CLANG_WARN_SUSPICIOUS_MOVE = YES;
				CLANG_WARN_UNGUARDED_AVAILABILITY = YES_AGGRESSIVE;
				CLANG_WARN_UNREACHABLE_CODE = YES;
				CLANG_WARN__DUPLICATE_METHOD_MATCH = YES;
				COPY_PHASE_STRIP = NO;
				DEBUG_INFORMATION_FORMAT = "dwarf-with-dsym";
				ENABLE_NS_ASSERTIONS = NO;
				ENABLE_STRICT_OBJC_MSGSEND = YES;
				GCC_C_LANGUAGE_STANDARD = gnu11;
				GCC_NO_COMMON_BLOCKS = YES;
				GCC_WARN_64_TO_32_BIT_CONVERSION = YES;
				GCC_WARN_ABOUT_RETURN_TYPE = YES_ERROR;
				GCC_WARN_UNDECLARED_SELECTOR = YES;
				GCC_WARN_UNINITIALIZED_AUTOS = YES_AGGRESSIVE;
				GCC_WARN_UNUSED_FUNCTION = YES;
				GCC_WARN_UNUSED_VARIABLE = YES;
				IPHONEOS_DEPLOYMENT_TARGET = 15.2;
				MTL_ENABLE_DEBUG_INFO = NO;
				MTL_FAST_MATH = YES;
				SDKROOT = iphoneos;
				SWIFT_COMPILATION_MODE = wholemodule;
				SWIFT_OPTIMIZATION_LEVEL = "-O";
				VALIDATE_PRODUCT = YES;
			};
			name = Release;
		};
		EFEFC20227C9B5EA00E8C23E /* Debug */ = {
			isa = XCBuildConfiguration;
			buildSettings = {
				ASSETCATALOG_COMPILER_APPICON_NAME = AppIcon;
				ASSETCATALOG_COMPILER_GLOBAL_ACCENT_COLOR_NAME = AccentColor;
				CODE_SIGN_STYLE = Automatic;
				CURRENT_PROJECT_VERSION = 1;
				DEVELOPMENT_ASSET_PATHS = "\"github-client-app/Preview Content\"";
				DEVELOPMENT_TEAM = CFBV6A4UV7;
				ENABLE_PREVIEWS = YES;
				GENERATE_INFOPLIST_FILE = YES;
				INFOPLIST_KEY_UIApplicationSceneManifest_Generation = YES;
				INFOPLIST_KEY_UIApplicationSupportsIndirectInputEvents = YES;
				INFOPLIST_KEY_UILaunchScreen_Generation = YES;
				INFOPLIST_KEY_UISupportedInterfaceOrientations_iPad = "UIInterfaceOrientationPortrait UIInterfaceOrientationPortraitUpsideDown UIInterfaceOrientationLandscapeLeft UIInterfaceOrientationLandscapeRight";
				INFOPLIST_KEY_UISupportedInterfaceOrientations_iPhone = "UIInterfaceOrientationPortrait UIInterfaceOrientationLandscapeLeft UIInterfaceOrientationLandscapeRight";
				LD_RUNPATH_SEARCH_PATHS = (
					"$(inherited)",
					"@executable_path/Frameworks",
				);
				MARKETING_VERSION = 1.0;
				PRODUCT_BUNDLE_IDENTIFIER = "jp.co.shlab.github-client-app";
				PRODUCT_NAME = "$(TARGET_NAME)";
				SWIFT_EMIT_LOC_STRINGS = YES;
				SWIFT_VERSION = 5.0;
				TARGETED_DEVICE_FAMILY = "1,2";
			};
			name = Debug;
		};
		EFEFC20327C9B5EA00E8C23E /* Release */ = {
			isa = XCBuildConfiguration;
			buildSettings = {
				ASSETCATALOG_COMPILER_APPICON_NAME = AppIcon;
				ASSETCATALOG_COMPILER_GLOBAL_ACCENT_COLOR_NAME = AccentColor;
				CODE_SIGN_STYLE = Automatic;
				CURRENT_PROJECT_VERSION = 1;
				DEVELOPMENT_ASSET_PATHS = "\"github-client-app/Preview Content\"";
				DEVELOPMENT_TEAM = CFBV6A4UV7;
				ENABLE_PREVIEWS = YES;
				GENERATE_INFOPLIST_FILE = YES;
				INFOPLIST_KEY_UIApplicationSceneManifest_Generation = YES;
				INFOPLIST_KEY_UIApplicationSupportsIndirectInputEvents = YES;
				INFOPLIST_KEY_UILaunchScreen_Generation = YES;
				INFOPLIST_KEY_UISupportedInterfaceOrientations_iPad = "UIInterfaceOrientationPortrait UIInterfaceOrientationPortraitUpsideDown UIInterfaceOrientationLandscapeLeft UIInterfaceOrientationLandscapeRight";
				INFOPLIST_KEY_UISupportedInterfaceOrientations_iPhone = "UIInterfaceOrientationPortrait UIInterfaceOrientationLandscapeLeft UIInterfaceOrientationLandscapeRight";
				LD_RUNPATH_SEARCH_PATHS = (
					"$(inherited)",
					"@executable_path/Frameworks",
				);
				MARKETING_VERSION = 1.0;
				PRODUCT_BUNDLE_IDENTIFIER = "jp.co.shlab.github-client-app";
				PRODUCT_NAME = "$(TARGET_NAME)";
				SWIFT_EMIT_LOC_STRINGS = YES;
				SWIFT_VERSION = 5.0;
				TARGETED_DEVICE_FAMILY = "1,2";
			};
			name = Release;
		};
/* End XCBuildConfiguration section */

/* Begin XCConfigurationList section */
		EFEFC1EE27C9B5E900E8C23E /* Build configuration list for PBXProject "github-client-app" */ = {
			isa = XCConfigurationList;
			buildConfigurations = (
				EFEFC1FF27C9B5EA00E8C23E /* Debug */,
				EFEFC20027C9B5EA00E8C23E /* Release */,
			);
			defaultConfigurationIsVisible = 0;
			defaultConfigurationName = Release;
		};
		EFEFC20127C9B5EA00E8C23E /* Build configuration list for PBXNativeTarget "github-client-app" */ = {
			isa = XCConfigurationList;
			buildConfigurations = (
				EFEFC20227C9B5EA00E8C23E /* Debug */,
				EFEFC20327C9B5EA00E8C23E /* Release */,
			);
			defaultConfigurationIsVisible = 0;
			defaultConfigurationName = Release;
		};
/* End XCConfigurationList section */

/* Begin XCRemoteSwiftPackageReference section */
		EFEFC23027CA09B400E8C23E /* XCRemoteSwiftPackageReference "SDWebImageSwiftUI" */ = {
			isa = XCRemoteSwiftPackageReference;
			repositoryURL = "https://github.com/SDWebImage/SDWebImageSwiftUI";
			requirement = {
				branch = master;
				kind = branch;
			};
		};
		EFEFC24927CB30F600E8C23E /* XCRemoteSwiftPackageReference "firebase-ios-sdk" */ = {
			isa = XCRemoteSwiftPackageReference;
			repositoryURL = "https://github.com/firebase/firebase-ios-sdk";
			requirement = {
				branch = master;
				kind = branch;
			};
		};
/* End XCRemoteSwiftPackageReference section */

/* Begin XCSwiftPackageProductDependency section */
		EFEFC23127CA09B400E8C23E /* SDWebImageSwiftUI */ = {
			isa = XCSwiftPackageProductDependency;
			package = EFEFC23027CA09B400E8C23E /* XCRemoteSwiftPackageReference "SDWebImageSwiftUI" */;
			productName = SDWebImageSwiftUI;
		};
		EFEFC24A27CB30F600E8C23E /* FirebaseRemoteConfig */ = {
			isa = XCSwiftPackageProductDependency;
			package = EFEFC24927CB30F600E8C23E /* XCRemoteSwiftPackageReference "firebase-ios-sdk" */;
			productName = FirebaseRemoteConfig;
		};
		EFEFC24D27CB320C00E8C23E /* FirebaseAnalytics */ = {
			isa = XCSwiftPackageProductDependency;
			package = EFEFC24927CB30F600E8C23E /* XCRemoteSwiftPackageReference "firebase-ios-sdk" */;
			productName = FirebaseAnalytics;
		};
		EFEFC24F27CB339300E8C23E /* FirebaseAnalyticsSwift-Beta */ = {
			isa = XCSwiftPackageProductDependency;
			package = EFEFC24927CB30F600E8C23E /* XCRemoteSwiftPackageReference "firebase-ios-sdk" */;
			productName = "FirebaseAnalyticsSwift-Beta";
		};
		EFEFC25127CB339300E8C23E /* FirebaseRemoteConfigSwift-Beta */ = {
			isa = XCSwiftPackageProductDependency;
			package = EFEFC24927CB30F600E8C23E /* XCRemoteSwiftPackageReference "firebase-ios-sdk" */;
			productName = "FirebaseRemoteConfigSwift-Beta";
		};
/* End XCSwiftPackageProductDependency section */
	};
	rootObject = EFEFC1EB27C9B5E900E8C23E /* Project object */;
}
